
Microsoft Visual Studio Solution File, Format Version 12.00
# Visual Studio Version 17
VisualStudioVersion = 17.7.34031.279
MinimumVisualStudioVersion = 10.0.40219.1
Project("{9A19103F-16F7-4668-BE54-9A1E7A4F7556}") = "PersonInfoAPI", "PersonInfoAPI\PersonInfoAPI.csproj", "{119C1BEA-19E9-4E92-96ED-4F7E72147E44}"
EndProject
Project("{9A19103F-16F7-4668-BE54-9A1E7A4F7556}") = "PersonInfo.Data", "PersonInfo.Data\PersonInfo.Data.csproj", "{8C9F886F-063A-4974-B249-0C65BC000835}"
EndProject
Project("{9A19103F-16F7-4668-BE54-9A1E7A4F7556}") = "PersonInfo.Model", "PersonInfo.Model\PersonInfo.Model.csproj", "{4F6F3CF6-D24E-4FF3-A52A-642A1B007A75}"
EndProject
Project("{FAE04EC0-301F-11D3-BF4B-00C04F79EFBC}") = "PersonInfo.Service", "PersonInfo.Service\PersonInfo.Service.csproj", "{C4026811-6D5E-4806-946A-32BBF1116DF4}"
EndProject
Global
	GlobalSection(SolutionConfigurationPlatforms) = preSolution
		Debug|Any CPU = Debug|Any CPU
		Release|Any CPU = Release|Any CPU
	EndGlobalSection
	GlobalSection(ProjectConfigurationPlatforms) = postSolution
		{119C1BEA-19E9-4E92-96ED-4F7E72147E44}.Debug|Any CPU.ActiveCfg = Debug|Any CPU
		{119C1BEA-19E9-4E92-96ED-4F7E72147E44}.Debug|Any CPU.Build.0 = Debug|Any CPU
		{119C1BEA-19E9-4E92-96ED-4F7E72147E44}.Release|Any CPU.ActiveCfg = Release|Any CPU
		{119C1BEA-19E9-4E92-96ED-4F7E72147E44}.Release|Any CPU.Build.0 = Release|Any CPU
		{8C9F886F-063A-4974-B249-0C65BC000835}.Debug|Any CPU.ActiveCfg = Debug|Any CPU
		{8C9F886F-063A-4974-B249-0C65BC000835}.Debug|Any CPU.Build.0 = Debug|Any CPU
		{8C9F886F-063A-4974-B249-0C65BC000835}.Release|Any CPU.ActiveCfg = Release|Any CPU
		{8C9F886F-063A-4974-B249-0C65BC000835}.Release|Any CPU.Build.0 = Release|Any CPU
		{4F6F3CF6-D24E-4FF3-A52A-642A1B007A75}.Debug|Any CPU.ActiveCfg = Debug|Any CPU
		{4F6F3CF6-D24E-4FF3-A52A-642A1B007A75}.Debug|Any CPU.Build.0 = Debug|Any CPU
		{4F6F3CF6-D24E-4FF3-A52A-642A1B007A75}.Release|Any CPU.ActiveCfg = Release|Any CPU
		{4F6F3CF6-D24E-4FF3-A52A-642A1B007A75}.Release|Any CPU.Build.0 = Release|Any CPU
		{C4026811-6D5E-4806-946A-32BBF1116DF4}.Debug|Any CPU.ActiveCfg = Debug|Any CPU
		{C4026811-6D5E-4806-946A-32BBF1116DF4}.Debug|Any CPU.Build.0 = Debug|Any CPU
		{C4026811-6D5E-4806-946A-32BBF1116DF4}.Release|Any CPU.ActiveCfg = Release|Any CPU
		{C4026811-6D5E-4806-946A-32BBF1116DF4}.Release|Any CPU.Build.0 = Release|Any CPU
	EndGlobalSection
	GlobalSection(SolutionProperties) = preSolution
		HideSolutionNode = FALSE
	EndGlobalSection
	GlobalSection(ExtensibilityGlobals) = postSolution
		SolutionGuid = {473CBF28-A647-40D9-9EA1-E1A7A8D2278B}
	EndGlobalSection
EndGlobal
